<?xml version="1.0" encoding="utf-8"?>
<Project ToolsVersion="4.0" xmlns="http://schemas.microsoft.com/developer/msbuild/2003">
  <ItemGroup>
    <Filter Include="ソース ファイル">
      <UniqueIdentifier>{4FC737F1-C7A5-4376-A066-2A32D752A2FF}</UniqueIdentifier>
      <Extensions>cpp;c;cc;cxx;def;odl;idl;hpj;bat;asm;asmx</Extensions>
    </Filter>
    <Filter Include="リソース ファイル">
      <UniqueIdentifier>{67DA6AB6-F800-4c08-8B7A-83BB121AAD01}</UniqueIdentifier>
      <Extensions>rc;ico;cur;bmp;dlg;rc2;rct;bin;rgs;gif;jpg;jpeg;jpe;resx;tiff;tif;png;wav;mfcribbon-ms</Extensions>
    </Filter>
    <Filter Include="ソース ファイル\00_Main">
      <UniqueIdentifier>{f0159098-cbfd-4731-868c-14285ecad14f}</UniqueIdentifier>
    </Filter>
    <Filter Include="FIle">
      <UniqueIdentifier>{d34f2a52-70b7-4c95-bb42-419947bb7574}</UniqueIdentifier>
    </Filter>
    <Filter Include="ソース ファイル\07_UI">
      <UniqueIdentifier>{a2ea58af-17b6-4e77-ac73-b31195417e8e}</UniqueIdentifier>
    </Filter>
    <Filter Include="ソース ファイル\00_Main\01_OutSide">
      <UniqueIdentifier>{1e03fd7c-c365-45f1-8f66-0495005d4b8a}</UniqueIdentifier>
    </Filter>
    <Filter Include="ソース ファイル\00_Main\01_OutSide\00_Texture">
      <UniqueIdentifier>{2e06e99f-38a5-4cf8-81ab-43afe56d7e38}</UniqueIdentifier>
    </Filter>
    <Filter Include="ソース ファイル\00_Main\00_InSide">
      <UniqueIdentifier>{872de012-cca7-4762-95d4-1a804d9edff7}</UniqueIdentifier>
    </Filter>
    <Filter Include="ソース ファイル\00_Main\02_Object">
      <UniqueIdentifier>{46662834-efab-4c03-b618-defc1f03dcd1}</UniqueIdentifier>
    </Filter>
    <Filter Include="ソース ファイル\00_Main\04_Camera">
      <UniqueIdentifier>{b998b0be-5f84-423e-9bfd-25ace88ab016}</UniqueIdentifier>
    </Filter>
    <Filter Include="ソース ファイル\00_Main\01_OutSide\01_Input">
      <UniqueIdentifier>{4942f64e-ad04-4398-ad40-a9631d9e2e18}</UniqueIdentifier>
    </Filter>
    <Filter Include="ソース ファイル\01_Mode">
      <UniqueIdentifier>{48f00a93-53ea-4db8-9029-d9913dbc6a89}</UniqueIdentifier>
    </Filter>
    <Filter Include="ソース ファイル\01_Mode\01_Title">
      <UniqueIdentifier>{5948040f-2933-4137-9606-0409f344630f}</UniqueIdentifier>
    </Filter>
    <Filter Include="ソース ファイル\01_Mode\00_Game">
      <UniqueIdentifier>{4c881af5-b061-444d-9fb7-b7421a8acc50}</UniqueIdentifier>
    </Filter>
    <Filter Include="ソース ファイル\01_Mode\00_Game\03_Number25">
      <UniqueIdentifier>{9ff648bb-063f-4274-ba3a-35c6dab2f3fd}</UniqueIdentifier>
    </Filter>
    <Filter Include="ソース ファイル\01_Mode\00_Game\03_Number25\00_Object">
      <UniqueIdentifier>{823de920-107d-4aee-9f43-a2d4ea112f76}</UniqueIdentifier>
    </Filter>
    <Filter Include="ソース ファイル\01_Mode\00_Game\08_MoveObject">
      <UniqueIdentifier>{e29217d7-dd13-472e-a153-a01b9e252215}</UniqueIdentifier>
    </Filter>
    <Filter Include="ソース ファイル\01_Mode\00_Game\08_MoveObject\00_Object">
      <UniqueIdentifier>{f8b4e15c-402b-4719-9531-87e70e78ebaf}</UniqueIdentifier>
    </Filter>
    <Filter Include="ソース ファイル\01_Mode\00_Game\10_Remenber_before">
      <UniqueIdentifier>{3ea03509-dbff-4058-a46d-bb7c7b9555aa}</UniqueIdentifier>
    </Filter>
    <Filter Include="ソース ファイル\01_Mode\00_Game\00_Utilty">
      <UniqueIdentifier>{4529e3e4-30f5-4eef-a76f-f4b094eaf06e}</UniqueIdentifier>
    </Filter>
    <Filter Include="ソース ファイル\01_Mode\00_Game\00_Utilty\01_Result">
      <UniqueIdentifier>{71c61a9a-ab25-4792-8335-25d715f72008}</UniqueIdentifier>
    </Filter>
    <Filter Include="ソース ファイル\01_Mode\00_Game\00_Utilty\02_NumberSelect">
      <UniqueIdentifier>{e9bba57c-12a1-4f61-bc54-11c8f181fad6}</UniqueIdentifier>
    </Filter>
    <Filter Include="ソース ファイル\01_Mode\00_Game\00_Utilty\03_Pause">
      <UniqueIdentifier>{287e4ae4-881a-4014-afaa-c0b5366f5587}</UniqueIdentifier>
    </Filter>
    <Filter Include="ソース ファイル\01_Mode\00_Game\11_ComeOut">
      <UniqueIdentifier>{d912bb0b-ccb9-49a9-99e4-1ce5dbd0928a}</UniqueIdentifier>
    </Filter>
    <Filter Include="ソース ファイル\01_Mode\02_SelectSave">
      <UniqueIdentifier>{e3fc6605-8aeb-41e9-a85e-ac027e12b8c7}</UniqueIdentifier>
    </Filter>
    <Filter Include="ソース ファイル\01_Mode\02_SelectSave\00_Object">
      <UniqueIdentifier>{e1c1c9d1-30cf-4682-ae8f-8e37326a1853}</UniqueIdentifier>
    </Filter>
    <Filter Include="ソース ファイル\01_Mode\04_Login">
      <UniqueIdentifier>{e795691d-478a-4882-acc3-0ba7e8e09d04}</UniqueIdentifier>
    </Filter>
    <Filter Include="ソース ファイル\01_Mode\03_SelectMode">
      <UniqueIdentifier>{9e4f0009-3080-4cf3-afea-a3624e726584}</UniqueIdentifier>
    </Filter>
    <Filter Include="ソース ファイル\01_Mode\03_SelectMode\00_Object">
      <UniqueIdentifier>{afed4d64-bd53-4fc8-9438-016e892a428c}</UniqueIdentifier>
    </Filter>
    <Filter Include="ソース ファイル\01_Mode\05_ExitSave">
      <UniqueIdentifier>{5da4c4d4-04f2-4687-b065-bf55bbcd005e}</UniqueIdentifier>
    </Filter>
    <Filter Include="ソース ファイル\01_Mode\00_Game\00_Utilty\04_Timer">
      <UniqueIdentifier>{bb484ef8-2467-4bee-a767-31d85fabd4d8}</UniqueIdentifier>
    </Filter>
    <Filter Include="ソース ファイル\01_Mode\00_Game\01_BusGame">
      <UniqueIdentifier>{cc8e58d1-b105-469f-a849-2580611cad0a}</UniqueIdentifier>
    </Filter>
    <Filter Include="ソース ファイル\01_Mode\00_Game\01_BusGame\00_Object">
      <UniqueIdentifier>{50bf1145-4f85-41b4-8c03-8f87c15c742d}</UniqueIdentifier>
    </Filter>
    <Filter Include="ソース ファイル\01_Mode\00_Game\01_BusGame\00_Object\01_Station">
      <UniqueIdentifier>{bd314462-97fc-42e2-9fdd-5d153c9a7b30}</UniqueIdentifier>
    </Filter>
    <Filter Include="ソース ファイル\01_Mode\00_Game\10_Remenber_before\00_Object">
      <UniqueIdentifier>{f515c8c7-d423-400d-b19d-c3c1c88274a2}</UniqueIdentifier>
    </Filter>
    <Filter Include="ソース ファイル\01_Mode\00_Game\10_Remenber_before\01_system">
      <UniqueIdentifier>{0b9808ff-1b13-4fd5-9b4a-9830f550b971}</UniqueIdentifier>
    </Filter>
    <Filter Include="ソース ファイル\01_Mode\00_Game\13_Same_as_shadow">
      <UniqueIdentifier>{084429c0-8ee1-41bc-9593-7196673f1241}</UniqueIdentifier>
    </Filter>
    <Filter Include="ソース ファイル\01_Mode\00_Game\13_Same_as_shadow\00_Object">
      <UniqueIdentifier>{447309fb-af70-4e31-9bbc-5ac17019b64e}</UniqueIdentifier>
    </Filter>
    <Filter Include="ソース ファイル\01_Mode\00_Game\13_Same_as_shadow\01_system">
      <UniqueIdentifier>{30902ce5-f799-412a-9492-cac1f68c48bf}</UniqueIdentifier>
    </Filter>
    <Filter Include="ソース ファイル\01_Mode\00_Game\00_Utilty\05_Correction">
      <UniqueIdentifier>{3031f105-eb75-4d25-b6f0-8b392eedd2b2}</UniqueIdentifier>
    </Filter>
  </ItemGroup>
  <ItemGroup>
    <ClCompile Include="main.cpp">
      <Filter>ソース ファイル\00_Main</Filter>
    </ClCompile>
    <ClCompile Include="title.cpp">
      <Filter>ソース ファイル\01_Mode\01_Title</Filter>
    </ClCompile>
    <ClCompile Include="object.cpp">
      <Filter>ソース ファイル\00_Main\02_Object</Filter>
    </ClCompile>
    <ClCompile Include="object2d.cpp">
      <Filter>ソース ファイル\00_Main\02_Object</Filter>
    </ClCompile>
    <ClCompile Include="mode.cpp">
      <Filter>ソース ファイル\01_Mode</Filter>
    </ClCompile>
    <ClCompile Include="game.cpp">
      <Filter>ソース ファイル\01_Mode\00_Game</Filter>
    </ClCompile>
    <ClCompile Include="texture.cpp">
      <Filter>ソース ファイル\00_Main\01_OutSide\00_Texture</Filter>
    </ClCompile>
    <ClCompile Include="file.cpp">
      <Filter>ソース ファイル\00_Main\01_OutSide</Filter>
    </ClCompile>
    <ClCompile Include="sound.cpp">
      <Filter>ソース ファイル\00_Main\01_OutSide</Filter>
    </ClCompile>
    <ClCompile Include="theme_color.cpp">
      <Filter>ソース ファイル\00_Main\01_OutSide</Filter>
    </ClCompile>
    <ClCompile Include="collision.cpp">
      <Filter>ソース ファイル\00_Main\00_InSide</Filter>
    </ClCompile>
    <ClCompile Include="error_warning.cpp">
      <Filter>ソース ファイル\00_Main\00_InSide</Filter>
    </ClCompile>
    <ClCompile Include="renderer.cpp">
      <Filter>ソース ファイル\00_Main\00_InSide</Filter>
    </ClCompile>
    <ClCompile Include="utility.cpp">
      <Filter>ソース ファイル\00_Main\00_InSide</Filter>
    </ClCompile>
    <ClCompile Include="precompile.cpp">
      <Filter>ソース ファイル</Filter>
    </ClCompile>
    <ClCompile Include="objectList.cpp">
      <Filter>ソース ファイル\00_Main\02_Object</Filter>
    </ClCompile>
    <ClCompile Include="bus.cpp">
      <Filter>ソース ファイル\01_Mode\00_Game\01_BusGame\00_Object</Filter>
    </ClCompile>
    <ClCompile Include="object3d.cpp">
      <Filter>ソース ファイル\00_Main\02_Object</Filter>
    </ClCompile>
    <ClCompile Include="camera.cpp">
      <Filter>ソース ファイル\00_Main\04_Camera</Filter>
    </ClCompile>
    <ClCompile Include="passenger.cpp">
      <Filter>ソース ファイル\01_Mode\00_Game\01_BusGame\00_Object</Filter>
    </ClCompile>
    <ClCompile Include="camera_game.cpp">
      <Filter>ソース ファイル\00_Main\04_Camera</Filter>
    </ClCompile>
    <ClCompile Include="debug_proc.cpp">
      <Filter>ソース ファイル\00_Main\00_InSide</Filter>
    </ClCompile>
    <ClCompile Include="station_goal.cpp">
      <Filter>ソース ファイル\01_Mode\00_Game\01_BusGame\00_Object\01_Station</Filter>
    </ClCompile>
    <ClCompile Include="station.cpp">
      <Filter>ソース ファイル\01_Mode\00_Game\01_BusGame\00_Object\01_Station</Filter>
    </ClCompile>
    <ClCompile Include="minigame_bus.cpp">
      <Filter>ソース ファイル\01_Mode\00_Game\01_BusGame</Filter>
    </ClCompile>
    <ClCompile Include="minigame_number25.cpp">
      <Filter>ソース ファイル\01_Mode\00_Game\03_Number25</Filter>
    </ClCompile>
    <ClCompile Include="number.cpp">
      <Filter>ソース ファイル\01_Mode\00_Game\03_Number25\00_Object</Filter>
    </ClCompile>
    <ClCompile Include="input.cpp">
      <Filter>ソース ファイル\00_Main\01_OutSide\01_Input</Filter>
    </ClCompile>
    <ClCompile Include="input\DirectInput.cpp">
      <Filter>ソース ファイル\00_Main\01_OutSide\01_Input</Filter>
    </ClCompile>
    <ClCompile Include="input\inputjoypad.cpp">
      <Filter>ソース ファイル\00_Main\01_OutSide\01_Input</Filter>
    </ClCompile>
    <ClCompile Include="input\inputkeyboard.cpp">
      <Filter>ソース ファイル\00_Main\01_OutSide\01_Input</Filter>
    </ClCompile>
    <ClCompile Include="input\inputmouse.cpp">
      <Filter>ソース ファイル\00_Main\01_OutSide\01_Input</Filter>
    </ClCompile>
    <ClCompile Include="move_object\countdown.cpp">
      <Filter>ソース ファイル\01_Mode\00_Game\08_MoveObject\00_Object</Filter>
    </ClCompile>
    <ClCompile Include="move_object\move_object.cpp">
      <Filter>ソース ファイル\01_Mode\00_Game\08_MoveObject\00_Object</Filter>
    </ClCompile>
    <ClCompile Include="minigame_moveobject.cpp">
      <Filter>ソース ファイル\01_Mode\00_Game\08_MoveObject</Filter>
    </ClCompile>
    <ClCompile Include="mode_guidance_item.cpp">
      <Filter>ソース ファイル\01_Mode\03_SelectMode\00_Object</Filter>
    </ClCompile>
    <ClCompile Include="task.cpp">
      <Filter>ソース ファイル\00_Main\02_Object</Filter>
    </ClCompile>
    <ClCompile Include="task_group.cpp">
      <Filter>ソース ファイル\00_Main\02_Object</Filter>
    </ClCompile>
    <ClCompile Include="fade.cpp">
      <Filter>ソース ファイル\01_Mode</Filter>
    </ClCompile>
    <ClCompile Include="minigame_remember_before.cpp">
      <Filter>ソース ファイル\01_Mode\00_Game\10_Remenber_before</Filter>
    </ClCompile>
    <ClCompile Include="headcount.cpp">
      <Filter>ソース ファイル\01_Mode\00_Game\01_BusGame</Filter>
    </ClCompile>
    <ClCompile Include="select_save.cpp">
      <Filter>ソース ファイル\01_Mode\02_SelectSave</Filter>
    </ClCompile>
    <ClCompile Include="select_mode.cpp">
      <Filter>ソース ファイル\01_Mode\03_SelectMode</Filter>
    </ClCompile>
    <ClCompile Include="save_guidance_item.cpp">
      <Filter>ソース ファイル\01_Mode\02_SelectSave\00_Object</Filter>
    </ClCompile>
    <ClCompile Include="result.cpp">
      <Filter>ソース ファイル\01_Mode\00_Game\00_Utilty\01_Result</Filter>
    </ClCompile>
    <ClCompile Include="click_item.cpp">
      <Filter>ソース ファイル\07_UI</Filter>
    </ClCompile>
    <ClCompile Include="number_select.cpp">
      <Filter>ソース ファイル\01_Mode\00_Game\00_Utilty\02_NumberSelect</Filter>
    </ClCompile>
    <ClCompile Include="sequence.cpp">
      <Filter>ソース ファイル\07_UI</Filter>
    </ClCompile>
    <ClCompile Include="target.cpp">
      <Filter>ソース ファイル\01_Mode\00_Game\11_ComeOut</Filter>
    </ClCompile>
    <ClCompile Include="minigame_comeout.cpp">
      <Filter>ソース ファイル\01_Mode\00_Game\11_ComeOut</Filter>
    </ClCompile>
    <ClCompile Include="pause.cpp">
      <Filter>ソース ファイル\01_Mode\00_Game\00_Utilty\03_Pause</Filter>
    </ClCompile>
    <ClCompile Include="calendar.cpp">
      <Filter>ソース ファイル\01_Mode\04_Login</Filter>
    </ClCompile>
    <ClCompile Include="timer.cpp">
      <Filter>ソース ファイル\01_Mode\00_Game\00_Utilty\04_Timer</Filter>
    </ClCompile>
    <ClCompile Include="remember_object.cpp">
      <Filter>ソース ファイル\01_Mode\00_Game\10_Remenber_before\00_Object</Filter>
    </ClCompile>
    <ClCompile Include="remember_system.cpp">
      <Filter>ソース ファイル\01_Mode\00_Game\10_Remenber_before\01_system</Filter>
    </ClCompile>
    <ClCompile Include="minigame_same_as_shadow.cpp">
      <Filter>ソース ファイル\01_Mode\00_Game\13_Same_as_shadow</Filter>
    </ClCompile>
    <ClCompile Include="same_as_shadow_system.cpp">
      <Filter>ソース ファイル\01_Mode\00_Game\13_Same_as_shadow\01_system</Filter>
    </ClCompile>
    <ClCompile Include="count_down.cpp">
      <Filter>ソース ファイル\01_Mode\00_Game\00_Utilty\04_Timer</Filter>
    </ClCompile>
    <ClCompile Include="correction.cpp">
      <Filter>ソース ファイル\01_Mode\00_Game\00_Utilty\05_Correction</Filter>
    </ClCompile>
    <ClCompile Include="application.cpp">
      <Filter>ソース ファイル\00_Main</Filter>
    </ClCompile>
    <ClCompile Include="reflection_object.cpp">
      <Filter>ソース ファイル\01_Mode\00_Game\13_Same_as_shadow\00_Object</Filter>
    </ClCompile>
  </ItemGroup>
  <ItemGroup>
    <ClInclude Include="title.h">
      <Filter>ソース ファイル\01_Mode\01_Title</Filter>
    </ClInclude>
    <ClInclude Include="object.h">
      <Filter>ソース ファイル\00_Main\02_Object</Filter>
    </ClInclude>
    <ClInclude Include="object2d.h">
      <Filter>ソース ファイル\00_Main\02_Object</Filter>
    </ClInclude>
    <ClInclude Include="mode.h">
      <Filter>ソース ファイル\01_Mode</Filter>
    </ClInclude>
    <ClInclude Include="texture.h">
      <Filter>ソース ファイル\00_Main\01_OutSide\00_Texture</Filter>
    </ClInclude>
    <ClInclude Include="file.h">
      <Filter>ソース ファイル\00_Main\01_OutSide</Filter>
    </ClInclude>
    <ClInclude Include="theme_color.h">
      <Filter>ソース ファイル\00_Main\01_OutSide</Filter>
    </ClInclude>
    <ClInclude Include="sound.h">
      <Filter>ソース ファイル\00_Main\01_OutSide</Filter>
    </ClInclude>
    <ClInclude Include="collision.h">
      <Filter>ソース ファイル\00_Main\00_InSide</Filter>
    </ClInclude>
    <ClInclude Include="error_warning.h">
      <Filter>ソース ファイル\00_Main\00_InSide</Filter>
    </ClInclude>
    <ClInclude Include="renderer.h">
      <Filter>ソース ファイル\00_Main\00_InSide</Filter>
    </ClInclude>
    <ClInclude Include="utility.h">
      <Filter>ソース ファイル\00_Main\00_InSide</Filter>
    </ClInclude>
    <ClInclude Include="precompile.h">
      <Filter>ソース ファイル</Filter>
    </ClInclude>
    <ClInclude Include="objectList.h">
      <Filter>ソース ファイル\00_Main\02_Object</Filter>
    </ClInclude>
    <ClInclude Include="bus.h">
      <Filter>ソース ファイル\01_Mode\00_Game\01_BusGame\00_Object</Filter>
    </ClInclude>
    <ClInclude Include="object3d.h">
      <Filter>ソース ファイル\00_Main\02_Object</Filter>
    </ClInclude>
    <ClInclude Include="camera.h">
      <Filter>ソース ファイル\00_Main\04_Camera</Filter>
    </ClInclude>
    <ClInclude Include="passenger.h">
      <Filter>ソース ファイル\01_Mode\00_Game\01_BusGame\00_Object</Filter>
    </ClInclude>
    <ClInclude Include="camera_game.h">
      <Filter>ソース ファイル\00_Main\04_Camera</Filter>
    </ClInclude>
    <ClInclude Include="debug_proc.h">
      <Filter>ソース ファイル\00_Main\00_InSide</Filter>
    </ClInclude>
    <ClInclude Include="station.h">
      <Filter>ソース ファイル\01_Mode\00_Game\01_BusGame\00_Object\01_Station</Filter>
    </ClInclude>
    <ClInclude Include="station_goal.h">
      <Filter>ソース ファイル\01_Mode\00_Game\01_BusGame\00_Object\01_Station</Filter>
    </ClInclude>
    <ClInclude Include="minigame_bus.h">
      <Filter>ソース ファイル\01_Mode\00_Game\01_BusGame</Filter>
    </ClInclude>
    <ClInclude Include="minigame_number25.h">
      <Filter>ソース ファイル\01_Mode\00_Game\03_Number25</Filter>
    </ClInclude>
    <ClInclude Include="number.h">
      <Filter>ソース ファイル\01_Mode\00_Game\03_Number25\00_Object</Filter>
    </ClInclude>
    <ClInclude Include="input.h">
      <Filter>ソース ファイル\00_Main\01_OutSide\01_Input</Filter>
    </ClInclude>
    <ClInclude Include="input\DirectInput.h">
      <Filter>ソース ファイル\00_Main\01_OutSide\01_Input</Filter>
    </ClInclude>
    <ClInclude Include="input\inputjoypad.h">
      <Filter>ソース ファイル\00_Main\01_OutSide\01_Input</Filter>
    </ClInclude>
    <ClInclude Include="input\inputkeyboard.h">
      <Filter>ソース ファイル\00_Main\01_OutSide\01_Input</Filter>
    </ClInclude>
    <ClInclude Include="input\inputkeydata.h">
      <Filter>ソース ファイル\00_Main\01_OutSide\01_Input</Filter>
    </ClInclude>
    <ClInclude Include="input\inputmouse.h">
      <Filter>ソース ファイル\00_Main\01_OutSide\01_Input</Filter>
    </ClInclude>
    <ClInclude Include="minigame_moveobject.h">
      <Filter>ソース ファイル\01_Mode\00_Game\08_MoveObject</Filter>
    </ClInclude>
    <ClInclude Include="move_object\countdown.h">
      <Filter>ソース ファイル\01_Mode\00_Game\08_MoveObject\00_Object</Filter>
    </ClInclude>
    <ClInclude Include="move_object\move_object.h">
      <Filter>ソース ファイル\01_Mode\00_Game\08_MoveObject\00_Object</Filter>
    </ClInclude>
    <ClInclude Include="mode_guidance_item.h">
      <Filter>ソース ファイル\01_Mode\03_SelectMode\00_Object</Filter>
    </ClInclude>
    <ClInclude Include="task.h">
      <Filter>ソース ファイル\00_Main\02_Object</Filter>
    </ClInclude>
    <ClInclude Include="task_group.h">
      <Filter>ソース ファイル\00_Main\02_Object</Filter>
    </ClInclude>
    <ClInclude Include="fade.h">
      <Filter>ソース ファイル\01_Mode</Filter>
    </ClInclude>
    <ClInclude Include="minigame_remember_before.h">
      <Filter>ソース ファイル\01_Mode\00_Game\10_Remenber_before</Filter>
    </ClInclude>
    <ClInclude Include="headcount.h">
      <Filter>ソース ファイル\01_Mode\00_Game\01_BusGame</Filter>
    </ClInclude>
    <ClInclude Include="select_save.h">
      <Filter>ソース ファイル\01_Mode\02_SelectSave</Filter>
    </ClInclude>
    <ClInclude Include="select_mode.h">
      <Filter>ソース ファイル\01_Mode\03_SelectMode</Filter>
    </ClInclude>
    <ClInclude Include="save_guidance_item.h">
      <Filter>ソース ファイル\01_Mode\02_SelectSave\00_Object</Filter>
    </ClInclude>
    <ClInclude Include="result.h">
      <Filter>ソース ファイル\01_Mode\00_Game\00_Utilty\01_Result</Filter>
    </ClInclude>
    <ClInclude Include="click_item.h">
      <Filter>ソース ファイル\07_UI</Filter>
    </ClInclude>
    <ClInclude Include="number_select.h">
      <Filter>ソース ファイル\01_Mode\00_Game\00_Utilty\02_NumberSelect</Filter>
    </ClInclude>
    <ClInclude Include="sequence.h">
      <Filter>ソース ファイル\07_UI</Filter>
    </ClInclude>
    <ClInclude Include="target.h">
      <Filter>ソース ファイル\01_Mode\00_Game\11_ComeOut</Filter>
    </ClInclude>
    <ClInclude Include="minigame_comeout.h">
      <Filter>ソース ファイル\01_Mode\00_Game\11_ComeOut</Filter>
    </ClInclude>
    <ClInclude Include="pause.h">
      <Filter>ソース ファイル\01_Mode\00_Game\00_Utilty\03_Pause</Filter>
    </ClInclude>
    <ClInclude Include="calendar.h">
      <Filter>ソース ファイル\01_Mode\04_Login</Filter>
    </ClInclude>
    <ClInclude Include="timer.h">
      <Filter>ソース ファイル\01_Mode\00_Game\00_Utilty\04_Timer</Filter>
    </ClInclude>
    <ClInclude Include="remember_object.h">
      <Filter>ソース ファイル\01_Mode\00_Game\10_Remenber_before\00_Object</Filter>
    </ClInclude>
    <ClInclude Include="remember_system.h">
      <Filter>ソース ファイル\01_Mode\00_Game\10_Remenber_before\01_system</Filter>
    </ClInclude>
    <ClInclude Include="minigame_same_as_shadow.h">
      <Filter>ソース ファイル\01_Mode\00_Game\13_Same_as_shadow</Filter>
    </ClInclude>
    <ClInclude Include="game.h">
      <Filter>ソース ファイル\01_Mode\00_Game</Filter>
    </ClInclude>
    <ClInclude Include="same_as_shadow_system.h">
      <Filter>ソース ファイル\01_Mode\00_Game\13_Same_as_shadow\01_system</Filter>
    </ClInclude>
    <ClInclude Include="count_down.h">
      <Filter>ソース ファイル\01_Mode\00_Game\00_Utilty\04_Timer</Filter>
    </ClInclude>
    <ClInclude Include="correction.h">
      <Filter>ソース ファイル\01_Mode\00_Game\00_Utilty\05_Correction</Filter>
    </ClInclude>
    <ClInclude Include="application.h">
      <Filter>ソース ファイル\00_Main</Filter>
    </ClInclude>
    <ClInclude Include="reflection_object.h">
      <Filter>ソース ファイル\01_Mode\00_Game\13_Same_as_shadow\00_Object</Filter>
    </ClInclude>
  </ItemGroup>
  <ItemGroup>
    <None Include="data\FILE\STAGE\stage01.json">
      <Filter>FIle</Filter>
    </None>
    <None Include="data\FILE\color.json">
      <Filter>FIle</Filter>
    </None>
    <None Include="data\FILE\texture.json">
      <Filter>FIle</Filter>
    </None>
    <None Include="data\FILE\STAGE\stage02.json">
      <Filter>FIle</Filter>
    </None>
  </ItemGroup>
</Project>