<?xml version="1.0" encoding="utf-8"?>
<Project ToolsVersion="4.0" xmlns="http://schemas.microsoft.com/developer/msbuild/2003">
  <ItemGroup>
    <Filter Include="ソース ファイル">
      <UniqueIdentifier>{4FC737F1-C7A5-4376-A066-2A32D752A2FF}</UniqueIdentifier>
      <Extensions>cpp;c;cc;cxx;def;odl;idl;hpj;bat;asm;asmx</Extensions>
    </Filter>
    <Filter Include="リソース ファイル">
      <UniqueIdentifier>{67DA6AB6-F800-4c08-8B7A-83BB121AAD01}</UniqueIdentifier>
      <Extensions>rc;ico;cur;bmp;dlg;rc2;rct;bin;rgs;gif;jpg;jpeg;jpe;resx;tiff;tif;png;wav;mfcribbon-ms</Extensions>
    </Filter>
    <Filter Include="ソース ファイル\00_Main">
      <UniqueIdentifier>{f0159098-cbfd-4731-868c-14285ecad14f}</UniqueIdentifier>
    </Filter>
    <Filter Include="ソース ファイル\01_Input">
      <UniqueIdentifier>{4942f64e-ad04-4398-ad40-a9631d9e2e18}</UniqueIdentifier>
    </Filter>
    <Filter Include="ソース ファイル\02_Object">
      <UniqueIdentifier>{46662834-efab-4c03-b618-defc1f03dcd1}</UniqueIdentifier>
    </Filter>
    <Filter Include="FIle">
      <UniqueIdentifier>{d34f2a52-70b7-4c95-bb42-419947bb7574}</UniqueIdentifier>
    </Filter>
    <Filter Include="ソース ファイル\03_Mode">
      <UniqueIdentifier>{48f00a93-53ea-4db8-9029-d9913dbc6a89}</UniqueIdentifier>
    </Filter>
    <Filter Include="ソース ファイル\07_UI">
      <UniqueIdentifier>{a2ea58af-17b6-4e77-ac73-b31195417e8e}</UniqueIdentifier>
    </Filter>
    <Filter Include="ソース ファイル\00_Main\01_OutSide">
      <UniqueIdentifier>{1e03fd7c-c365-45f1-8f66-0495005d4b8a}</UniqueIdentifier>
    </Filter>
    <Filter Include="ソース ファイル\00_Main\01_OutSide\00_Texture">
      <UniqueIdentifier>{2e06e99f-38a5-4cf8-81ab-43afe56d7e38}</UniqueIdentifier>
    </Filter>
    <Filter Include="ソース ファイル\00_Main\00_InSide">
      <UniqueIdentifier>{872de012-cca7-4762-95d4-1a804d9edff7}</UniqueIdentifier>
    </Filter>
    <Filter Include="ソース ファイル\07_UI\00_Menu">
      <UniqueIdentifier>{a55cf54c-2661-4b69-873f-9824b18bc7d9}</UniqueIdentifier>
    </Filter>
    <Filter Include="ソース ファイル\03_Mode\01_Title">
      <UniqueIdentifier>{5948040f-2933-4137-9606-0409f344630f}</UniqueIdentifier>
    </Filter>
    <Filter Include="ソース ファイル\03_Mode\00_Game">
      <UniqueIdentifier>{4c881af5-b061-444d-9fb7-b7421a8acc50}</UniqueIdentifier>
    </Filter>
    <Filter Include="ソース ファイル\07_UI\00_Menu\00_TeamSelect">
      <UniqueIdentifier>{941783e8-e199-47bd-9326-a25d290d7aeb}</UniqueIdentifier>
    </Filter>
    <Filter Include="ソース ファイル\07_UI\00_Menu\01_StageSelect">
      <UniqueIdentifier>{4a60b3b2-e397-4885-8dfa-ef4d1b237181}</UniqueIdentifier>
    </Filter>
    <Filter Include="ソース ファイル\07_UI\00_Menu\02_ColorSelect">
      <UniqueIdentifier>{abaad82b-1d31-4c49-8522-0d243b59ec36}</UniqueIdentifier>
    </Filter>
    <Filter Include="ソース ファイル\07_UI\00_Menu\03_PeopleNumberSelect">
      <UniqueIdentifier>{80881531-679e-4beb-9d25-213e325b0f82}</UniqueIdentifier>
    </Filter>
    <Filter Include="ソース ファイル\04_Camera">
      <UniqueIdentifier>{b998b0be-5f84-423e-9bfd-25ace88ab016}</UniqueIdentifier>
    </Filter>
    <Filter Include="ソース ファイル\03_Mode\00_Game\01_BusGame">
      <UniqueIdentifier>{cc8e58d1-b105-469f-a849-2580611cad0a}</UniqueIdentifier>
    </Filter>
    <Filter Include="ソース ファイル\03_Mode\00_Game\01_BusGame\00_Object">
      <UniqueIdentifier>{50bf1145-4f85-41b4-8c03-8f87c15c742d}</UniqueIdentifier>
    </Filter>
    <Filter Include="ソース ファイル\03_Mode\00_Game\01_BusGame\00_Object\01_Station">
      <UniqueIdentifier>{bd314462-97fc-42e2-9fdd-5d153c9a7b30}</UniqueIdentifier>
    </Filter>
    <Filter Include="ソース ファイル\03_Mode\00_Game\03_Number25">
      <UniqueIdentifier>{9ff648bb-063f-4274-ba3a-35c6dab2f3fd}</UniqueIdentifier>
    </Filter>
    <Filter Include="ソース ファイル\03_Mode\00_Game\03_Number25\00_Object">
      <UniqueIdentifier>{823de920-107d-4aee-9f43-a2d4ea112f76}</UniqueIdentifier>
    </Filter>
    <Filter Include="ソース ファイル\03_Mode\00_Game\08_MoveObject">
      <UniqueIdentifier>{e29217d7-dd13-472e-a153-a01b9e252215}</UniqueIdentifier>
    </Filter>
    <Filter Include="ソース ファイル\03_Mode\00_Game\08_MoveObject\00_Object">
      <UniqueIdentifier>{f8b4e15c-402b-4719-9531-87e70e78ebaf}</UniqueIdentifier>
    </Filter>
    <Filter Include="ソース ファイル\03_Mode\00_Game\10_Remenber_before">
      <UniqueIdentifier>{3ea03509-dbff-4058-a46d-bb7c7b9555aa}</UniqueIdentifier>
    </Filter>
    <Filter Include="ソース ファイル\03_Mode\01_Title\01_Object">
      <UniqueIdentifier>{afed4d64-bd53-4fc8-9438-016e892a428c}</UniqueIdentifier>
    </Filter>
    <Filter Include="ソース ファイル\03_Mode\00_Game\11_PressOrder">
      <UniqueIdentifier>{b4834b13-155d-4cd7-9397-69d8536515d0}</UniqueIdentifier>
    </Filter>
  </ItemGroup>
  <ItemGroup>
    <ClCompile Include="main.cpp">
      <Filter>ソース ファイル\00_Main</Filter>
    </ClCompile>
    <ClCompile Include="title.cpp">
      <Filter>ソース ファイル\03_Mode\01_Title</Filter>
    </ClCompile>
    <ClCompile Include="object.cpp">
      <Filter>ソース ファイル\02_Object</Filter>
    </ClCompile>
    <ClCompile Include="object2d.cpp">
      <Filter>ソース ファイル\02_Object</Filter>
    </ClCompile>
    <ClCompile Include="mode.cpp">
      <Filter>ソース ファイル\03_Mode</Filter>
    </ClCompile>
    <ClCompile Include="game.cpp">
      <Filter>ソース ファイル\03_Mode\00_Game</Filter>
    </ClCompile>
    <ClCompile Include="ui_countdown.cpp">
      <Filter>ソース ファイル\07_UI</Filter>
    </ClCompile>
    <ClCompile Include="texture.cpp">
      <Filter>ソース ファイル\00_Main\01_OutSide\00_Texture</Filter>
    </ClCompile>
    <ClCompile Include="file.cpp">
      <Filter>ソース ファイル\00_Main\01_OutSide</Filter>
    </ClCompile>
    <ClCompile Include="sound.cpp">
      <Filter>ソース ファイル\00_Main\01_OutSide</Filter>
    </ClCompile>
    <ClCompile Include="theme_color.cpp">
      <Filter>ソース ファイル\00_Main\01_OutSide</Filter>
    </ClCompile>
    <ClCompile Include="application.cpp">
      <Filter>ソース ファイル\00_Main\00_InSide</Filter>
    </ClCompile>
    <ClCompile Include="collision.cpp">
      <Filter>ソース ファイル\00_Main\00_InSide</Filter>
    </ClCompile>
    <ClCompile Include="error_warning.cpp">
      <Filter>ソース ファイル\00_Main\00_InSide</Filter>
    </ClCompile>
    <ClCompile Include="renderer.cpp">
      <Filter>ソース ファイル\00_Main\00_InSide</Filter>
    </ClCompile>
    <ClCompile Include="pause.cpp">
      <Filter>ソース ファイル\03_Mode\00_Game</Filter>
    </ClCompile>
    <ClCompile Include="menu.cpp">
      <Filter>ソース ファイル\07_UI\00_Menu</Filter>
    </ClCompile>
    <ClCompile Include="menu_item.cpp">
      <Filter>ソース ファイル\07_UI\00_Menu</Filter>
    </ClCompile>
    <ClCompile Include="utility.cpp">
      <Filter>ソース ファイル\00_Main\00_InSide</Filter>
    </ClCompile>
    <ClCompile Include="menu_team_select.cpp">
      <Filter>ソース ファイル\07_UI\00_Menu\00_TeamSelect</Filter>
    </ClCompile>
    <ClCompile Include="menu_stage_select.cpp">
      <Filter>ソース ファイル\07_UI\00_Menu\01_StageSelect</Filter>
    </ClCompile>
    <ClCompile Include="menu_color_select.cpp">
      <Filter>ソース ファイル\07_UI\00_Menu\02_ColorSelect</Filter>
    </ClCompile>
    <ClCompile Include="menu_manager.cpp">
      <Filter>ソース ファイル\07_UI\00_Menu</Filter>
    </ClCompile>
    <ClCompile Include="menu_number_Select.cpp">
      <Filter>ソース ファイル\07_UI\00_Menu\03_PeopleNumberSelect</Filter>
    </ClCompile>
    <ClCompile Include="precompile.cpp">
      <Filter>ソース ファイル</Filter>
    </ClCompile>
    <ClCompile Include="objectList.cpp">
      <Filter>ソース ファイル\02_Object</Filter>
    </ClCompile>
    <ClCompile Include="bus.cpp">
      <Filter>ソース ファイル\03_Mode\00_Game\01_BusGame\00_Object</Filter>
    </ClCompile>
    <ClCompile Include="object3d.cpp">
      <Filter>ソース ファイル\02_Object</Filter>
    </ClCompile>
    <ClCompile Include="camera.cpp">
      <Filter>ソース ファイル\04_Camera</Filter>
    </ClCompile>
    <ClCompile Include="passenger.cpp">
      <Filter>ソース ファイル\03_Mode\00_Game\01_BusGame\00_Object</Filter>
    </ClCompile>
    <ClCompile Include="camera_game.cpp">
      <Filter>ソース ファイル\04_Camera</Filter>
    </ClCompile>
    <ClCompile Include="debug_proc.cpp">
      <Filter>ソース ファイル\00_Main\00_InSide</Filter>
    </ClCompile>
    <ClCompile Include="station_goal.cpp">
      <Filter>ソース ファイル\03_Mode\00_Game\01_BusGame\00_Object\01_Station</Filter>
    </ClCompile>
    <ClCompile Include="station.cpp">
      <Filter>ソース ファイル\03_Mode\00_Game\01_BusGame\00_Object\01_Station</Filter>
    </ClCompile>
    <ClCompile Include="minigame_bus.cpp">
      <Filter>ソース ファイル\03_Mode\00_Game\01_BusGame</Filter>
    </ClCompile>
    <ClCompile Include="minigame_number25.cpp">
      <Filter>ソース ファイル\03_Mode\00_Game\03_Number25</Filter>
    </ClCompile>
    <ClCompile Include="number.cpp">
      <Filter>ソース ファイル\03_Mode\00_Game\03_Number25\00_Object</Filter>
    </ClCompile>
    <ClCompile Include="timer.cpp">
      <Filter>ソース ファイル\03_Mode\00_Game\03_Number25\00_Object</Filter>
    </ClCompile>
    <ClCompile Include="input.cpp">
      <Filter>ソース ファイル\01_Input</Filter>
    </ClCompile>
    <ClCompile Include="input\DirectInput.cpp">
      <Filter>ソース ファイル\01_Input</Filter>
    </ClCompile>
    <ClCompile Include="input\inputjoypad.cpp">
      <Filter>ソース ファイル\01_Input</Filter>
    </ClCompile>
    <ClCompile Include="input\inputkeyboard.cpp">
      <Filter>ソース ファイル\01_Input</Filter>
    </ClCompile>
    <ClCompile Include="input\inputmouse.cpp">
      <Filter>ソース ファイル\01_Input</Filter>
    </ClCompile>
    <ClCompile Include="move_object\countdown.cpp">
      <Filter>ソース ファイル\03_Mode\00_Game\08_MoveObject\00_Object</Filter>
    </ClCompile>
    <ClCompile Include="move_object\move_object.cpp">
      <Filter>ソース ファイル\03_Mode\00_Game\08_MoveObject\00_Object</Filter>
    </ClCompile>
    <ClCompile Include="minigame_moveobject.cpp">
      <Filter>ソース ファイル\03_Mode\00_Game\08_MoveObject</Filter>
    </ClCompile>
    <ClCompile Include="mode_guidance_item.cpp">
      <Filter>ソース ファイル\03_Mode\01_Title\01_Object</Filter>
    </ClCompile>
    <ClCompile Include="task.cpp">
      <Filter>ソース ファイル\02_Object</Filter>
    </ClCompile>
    <ClCompile Include="task_group.cpp">
      <Filter>ソース ファイル\02_Object</Filter>
    </ClCompile>
    <ClCompile Include="fade.cpp">
      <Filter>ソース ファイル\03_Mode</Filter>
    </ClCompile>
    <ClCompile Include="minigame_remember_before.cpp">
      <Filter>ソース ファイル\03_Mode\00_Game\10_Remenber_before</Filter>
    </ClCompile>
    <ClCompile Include="remember_system.cpp">
      <Filter>ソース ファイル\03_Mode\00_Game\10_Remenber_before</Filter>
    </ClCompile>
    <ClCompile Include="remember_object.cpp">
      <Filter>ソース ファイル\03_Mode\00_Game\10_Remenber_before</Filter>
    </ClCompile>
    <ClCompile Include="headcount.cpp">
      <Filter>ソース ファイル\03_Mode\00_Game\01_BusGame</Filter>
    </ClCompile>
    <ClCompile Include="save_guidance_item.cpp">
      <Filter>ソース ファイル\03_Mode\01_Title\01_Object</Filter>
    </ClCompile>
    <ClCompile Include="minigame_pressorder.cpp">
      <Filter>ソース ファイル\03_Mode\00_Game\11_PressOrder</Filter>
    </ClCompile>
  </ItemGroup>
  <ItemGroup>
    <ClInclude Include="title.h">
      <Filter>ソース ファイル\03_Mode\01_Title</Filter>
    </ClInclude>
    <ClInclude Include="object.h">
      <Filter>ソース ファイル\02_Object</Filter>
    </ClInclude>
    <ClInclude Include="object2d.h">
      <Filter>ソース ファイル\02_Object</Filter>
    </ClInclude>
    <ClInclude Include="mode.h">
      <Filter>ソース ファイル\03_Mode</Filter>
    </ClInclude>
    <ClInclude Include="game.h">
      <Filter>ソース ファイル\03_Mode\00_Game</Filter>
    </ClInclude>
    <ClInclude Include="ui_countdown.h">
      <Filter>ソース ファイル\07_UI</Filter>
    </ClInclude>
    <ClInclude Include="texture.h">
      <Filter>ソース ファイル\00_Main\01_OutSide\00_Texture</Filter>
    </ClInclude>
    <ClInclude Include="file.h">
      <Filter>ソース ファイル\00_Main\01_OutSide</Filter>
    </ClInclude>
    <ClInclude Include="theme_color.h">
      <Filter>ソース ファイル\00_Main\01_OutSide</Filter>
    </ClInclude>
    <ClInclude Include="sound.h">
      <Filter>ソース ファイル\00_Main\01_OutSide</Filter>
    </ClInclude>
    <ClInclude Include="application.h">
      <Filter>ソース ファイル\00_Main\00_InSide</Filter>
    </ClInclude>
    <ClInclude Include="collision.h">
      <Filter>ソース ファイル\00_Main\00_InSide</Filter>
    </ClInclude>
    <ClInclude Include="error_warning.h">
      <Filter>ソース ファイル\00_Main\00_InSide</Filter>
    </ClInclude>
    <ClInclude Include="renderer.h">
      <Filter>ソース ファイル\00_Main\00_InSide</Filter>
    </ClInclude>
    <ClInclude Include="pause.h">
      <Filter>ソース ファイル\03_Mode\00_Game</Filter>
    </ClInclude>
    <ClInclude Include="menu.h">
      <Filter>ソース ファイル\07_UI\00_Menu</Filter>
    </ClInclude>
    <ClInclude Include="menu_item.h">
      <Filter>ソース ファイル\07_UI\00_Menu</Filter>
    </ClInclude>
    <ClInclude Include="utility.h">
      <Filter>ソース ファイル\00_Main\00_InSide</Filter>
    </ClInclude>
    <ClInclude Include="menu_team_select.h">
      <Filter>ソース ファイル\07_UI\00_Menu\00_TeamSelect</Filter>
    </ClInclude>
    <ClInclude Include="menu_stage_select.h">
      <Filter>ソース ファイル\07_UI\00_Menu\01_StageSelect</Filter>
    </ClInclude>
    <ClInclude Include="menu_color_select.h">
      <Filter>ソース ファイル\07_UI\00_Menu\02_ColorSelect</Filter>
    </ClInclude>
    <ClInclude Include="menu_manager.h">
      <Filter>ソース ファイル\07_UI\00_Menu</Filter>
    </ClInclude>
    <ClInclude Include="menu_number_Select.h">
      <Filter>ソース ファイル\07_UI\00_Menu\03_PeopleNumberSelect</Filter>
    </ClInclude>
    <ClInclude Include="precompile.h">
      <Filter>ソース ファイル</Filter>
    </ClInclude>
    <ClInclude Include="objectList.h">
      <Filter>ソース ファイル\02_Object</Filter>
    </ClInclude>
    <ClInclude Include="bus.h">
      <Filter>ソース ファイル\03_Mode\00_Game\01_BusGame\00_Object</Filter>
    </ClInclude>
    <ClInclude Include="object3d.h">
      <Filter>ソース ファイル\02_Object</Filter>
    </ClInclude>
    <ClInclude Include="camera.h">
      <Filter>ソース ファイル\04_Camera</Filter>
    </ClInclude>
    <ClInclude Include="passenger.h">
      <Filter>ソース ファイル\03_Mode\00_Game\01_BusGame\00_Object</Filter>
    </ClInclude>
    <ClInclude Include="camera_game.h">
      <Filter>ソース ファイル\04_Camera</Filter>
    </ClInclude>
    <ClInclude Include="debug_proc.h">
      <Filter>ソース ファイル\00_Main\00_InSide</Filter>
    </ClInclude>
    <ClInclude Include="station.h">
      <Filter>ソース ファイル\03_Mode\00_Game\01_BusGame\00_Object\01_Station</Filter>
    </ClInclude>
    <ClInclude Include="station_goal.h">
      <Filter>ソース ファイル\03_Mode\00_Game\01_BusGame\00_Object\01_Station</Filter>
    </ClInclude>
    <ClInclude Include="minigame_bus.h">
      <Filter>ソース ファイル\03_Mode\00_Game\01_BusGame</Filter>
    </ClInclude>
    <ClInclude Include="minigame_number25.h">
      <Filter>ソース ファイル\03_Mode\00_Game\03_Number25</Filter>
    </ClInclude>
    <ClInclude Include="number.h">
      <Filter>ソース ファイル\03_Mode\00_Game\03_Number25\00_Object</Filter>
    </ClInclude>
    <ClInclude Include="timer.h">
      <Filter>ソース ファイル\03_Mode\00_Game\03_Number25\00_Object</Filter>
    </ClInclude>
    <ClInclude Include="input.h">
      <Filter>ソース ファイル\01_Input</Filter>
    </ClInclude>
    <ClInclude Include="input\DirectInput.h">
      <Filter>ソース ファイル\01_Input</Filter>
    </ClInclude>
    <ClInclude Include="input\inputjoypad.h">
      <Filter>ソース ファイル\01_Input</Filter>
    </ClInclude>
    <ClInclude Include="input\inputkeyboard.h">
      <Filter>ソース ファイル\01_Input</Filter>
    </ClInclude>
    <ClInclude Include="input\inputkeydata.h">
      <Filter>ソース ファイル\01_Input</Filter>
    </ClInclude>
    <ClInclude Include="input\inputmouse.h">
      <Filter>ソース ファイル\01_Input</Filter>
    </ClInclude>
    <ClInclude Include="minigame_moveobject.h">
      <Filter>ソース ファイル\03_Mode\00_Game\08_MoveObject</Filter>
    </ClInclude>
    <ClInclude Include="move_object\countdown.h">
      <Filter>ソース ファイル\03_Mode\00_Game\08_MoveObject\00_Object</Filter>
    </ClInclude>
    <ClInclude Include="move_object\move_object.h">
      <Filter>ソース ファイル\03_Mode\00_Game\08_MoveObject\00_Object</Filter>
    </ClInclude>
    <ClInclude Include="mode_guidance_item.h">
      <Filter>ソース ファイル\03_Mode\01_Title\01_Object</Filter>
    </ClInclude>
    <ClInclude Include="task.h">
      <Filter>ソース ファイル\02_Object</Filter>
    </ClInclude>
    <ClInclude Include="task_group.h">
      <Filter>ソース ファイル\02_Object</Filter>
    </ClInclude>
    <ClInclude Include="fade.h">
      <Filter>ソース ファイル\03_Mode</Filter>
    </ClInclude>
    <ClInclude Include="remember_system.h">
      <Filter>ソース ファイル\03_Mode\00_Game\10_Remenber_before</Filter>
    </ClInclude>
    <ClInclude Include="remember_object.h">
      <Filter>ソース ファイル\03_Mode\00_Game\10_Remenber_before</Filter>
    </ClInclude>
    <ClInclude Include="minigame_remember_before.h">
      <Filter>ソース ファイル\03_Mode\00_Game\10_Remenber_before</Filter>
    </ClInclude>
    <ClInclude Include="headcount.h">
      <Filter>ソース ファイル\03_Mode\00_Game\01_BusGame</Filter>
    </ClInclude>
    <ClInclude Include="save_guidance_item.h">
      <Filter>ソース ファイル\03_Mode\01_Title\01_Object</Filter>
    </ClInclude>
    <ClInclude Include="minigame_pressorder.h">
      <Filter>ソース ファイル\03_Mode\00_Game\11_PressOrder</Filter>
    </ClInclude>
  </ItemGroup>
  <ItemGroup>
    <None Include="data\FILE\STAGE\stage01.json">
      <Filter>FIle</Filter>
    </None>
    <None Include="data\FILE\color.json">
      <Filter>FIle</Filter>
    </None>
    <None Include="data\FILE\texture.json">
      <Filter>FIle</Filter>
    </None>
    <None Include="data\FILE\STAGE\stage02.json">
      <Filter>FIle</Filter>
    </None>
  </ItemGroup>
</Project>